// !$*UTF8*$!
{
	archiveVersion = 1;
	classes = {
	};
	objectVersion = 46;
	objects = {

/* Begin PBXBuildFile section */
		C6C12EB91AACA2B1001319B6 /* main.m in Sources */ = {isa = PBXBuildFile; fileRef = C6C12EB81AACA2B1001319B6 /* main.m */; };
		C6C12EC11AACA2C0001319B6 /* AVP2DArray.m in Sources */ = {isa = PBXBuildFile; fileRef = C6C12EC01AACA2C0001319B6 /* AVP2DArray.m */; };
		C6C12ECB1AACAB22001319B6 /* AVP2DArrayTests.m in Sources */ = {isa = PBXBuildFile; fileRef = C6C12ECA1AACAB22001319B6 /* AVP2DArrayTests.m */; };
		C6C12ECF1AACAC4A001319B6 /* AVP2DArray.m in Sources */ = {isa = PBXBuildFile; fileRef = C6C12EC01AACA2C0001319B6 /* AVP2DArray.m */; };
		C6C12ED11AACEF40001319B6 /* README.md in Sources */ = {isa = PBXBuildFile; fileRef = C6C12ED01AACEF40001319B6 /* README.md */; };
/* End PBXBuildFile section */

/* Begin PBXCopyFilesBuildPhase section */
		C6C12EB31AACA2B1001319B6 /* CopyFiles */ = {
			isa = PBXCopyFilesBuildPhase;
			buildActionMask = 2147483647;
			dstPath = /usr/share/man/man1/;
			dstSubfolderSpec = 0;
			files = (
			);
			runOnlyForDeploymentPostprocessing = 1;
		};
/* End PBXCopyFilesBuildPhase section */

/* Begin PBXFileReference section */
		C6C12EB51AACA2B1001319B6 /* AVP2DArray */ = {isa = PBXFileReference; explicitFileType = "compiled.mach-o.executable"; includeInIndex = 0; path = AVP2DArray; sourceTree = BUILT_PRODUCTS_DIR; };
		C6C12EB81AACA2B1001319B6 /* main.m */ = {isa = PBXFileReference; lastKnownFileType = sourcecode.c.objc; path = main.m; sourceTree = "<group>"; };
		C6C12EBF1AACA2C0001319B6 /* AVP2DArray.h */ = {isa = PBXFileReference; fileEncoding = 4; lastKnownFileType = sourcecode.c.h; path = AVP2DArray.h; sourceTree = "<group>"; };
		C6C12EC01AACA2C0001319B6 /* AVP2DArray.m */ = {isa = PBXFileReference; fileEncoding = 4; lastKnownFileType = sourcecode.c.objc; path = AVP2DArray.m; sourceTree = "<group>"; };
		C6C12EC61AACAB22001319B6 /* AVP2DArrayTests.xctest */ = {isa = PBXFileReference; explicitFileType = wrapper.cfbundle; includeInIndex = 0; path = AVP2DArrayTests.xctest; sourceTree = BUILT_PRODUCTS_DIR; };
		C6C12EC91AACAB22001319B6 /* Info.plist */ = {isa = PBXFileReference; lastKnownFileType = text.plist.xml; path = Info.plist; sourceTree = "<group>"; };
		C6C12ECA1AACAB22001319B6 /* AVP2DArrayTests.m */ = {isa = PBXFileReference; lastKnownFileType = sourcecode.c.objc; path = AVP2DArrayTests.m; sourceTree = "<group>"; };
		C6C12ED01AACEF40001319B6 /* README.md */ = {isa = PBXFileReference; fileEncoding = 4; lastKnownFileType = net.daringfireball.markdown; path = README.md; sourceTree = "<group>"; };
/* End PBXFileReference section */

/* Begin PBXFrameworksBuildPhase section */
		C6C12EB21AACA2B1001319B6 /* Frameworks */ = {
			isa = PBXFrameworksBuildPhase;
			buildActionMask = 2147483647;
			files = (
			);
			runOnlyForDeploymentPostprocessing = 0;
		};
		C6C12EC31AACAB22001319B6 /* Frameworks */ = {
			isa = PBXFrameworksBuildPhase;
			buildActionMask = 2147483647;
			files = (
			);
			runOnlyForDeploymentPostprocessing = 0;
		};
/* End PBXFrameworksBuildPhase section */

/* Begin PBXGroup section */
		C6C12EAC1AACA2B1001319B6 = {
			isa = PBXGroup;
			children = (
				C6C12ED01AACEF40001319B6 /* README.md */,
				C6C12EB71AACA2B1001319B6 /* AVP2DArray */,
				C6C12EC71AACAB22001319B6 /* AVP2DArrayTests */,
				C6C12EB61AACA2B1001319B6 /* Products */,
			);
			sourceTree = "<group>";
		};
		C6C12EB61AACA2B1001319B6 /* Products */ = {
			isa = PBXGroup;
			children = (
				C6C12EB51AACA2B1001319B6 /* AVP2DArray */,
				C6C12EC61AACAB22001319B6 /* AVP2DArrayTests.xctest */,
			);
			name = Products;
			sourceTree = "<group>";
		};
		C6C12EB71AACA2B1001319B6 /* AVP2DArray */ = {
			isa = PBXGroup;
			children = (
				C6C12EB81AACA2B1001319B6 /* main.m */,
				C6C12EBF1AACA2C0001319B6 /* AVP2DArray.h */,
				C6C12EC01AACA2C0001319B6 /* AVP2DArray.m */,
			);
			path = AVP2DArray;
			sourceTree = "<group>";
		};
		C6C12EC71AACAB22001319B6 /* AVP2DArrayTests */ = {
			isa = PBXGroup;
			children = (
				C6C12ECA1AACAB22001319B6 /* AVP2DArrayTests.m */,
				C6C12EC81AACAB22001319B6 /* Supporting Files */,
			);
			path = AVP2DArrayTests;
			sourceTree = "<group>";
		};
		C6C12EC81AACAB22001319B6 /* Supporting Files */ = {
			isa = PBXGroup;
			children = (
				C6C12EC91AACAB22001319B6 /* Info.plist */,
			);
			name = "Supporting Files";
			sourceTree = "<group>";
		};
/* End PBXGroup section */

/* Begin PBXNativeTarget section */
		C6C12EB41AACA2B1001319B6 /* AVP2DArray */ = {
			isa = PBXNativeTarget;
			buildConfigurationList = C6C12EBC1AACA2B1001319B6 /* Build configuration list for PBXNativeTarget "AVP2DArray" */;
			buildPhases = (
				C6C12EB11AACA2B1001319B6 /* Sources */,
				C6C12EB21AACA2B1001319B6 /* Frameworks */,
				C6C12EB31AACA2B1001319B6 /* CopyFiles */,
			);
			buildRules = (
			);
			dependencies = (
			);
			name = AVP2DArray;
			productName = AVP2DArray;
			productReference = C6C12EB51AACA2B1001319B6 /* AVP2DArray */;
			productType = "com.apple.product-type.tool";
		};
		C6C12EC51AACAB22001319B6 /* AVP2DArrayTests */ = {
			isa = PBXNativeTarget;
			buildConfigurationList = C6C12ECC1AACAB22001319B6 /* Build configuration list for PBXNativeTarget "AVP2DArrayTests" */;
			buildPhases = (
				C6C12EC21AACAB22001319B6 /* Sources */,
				C6C12EC31AACAB22001319B6 /* Frameworks */,
				C6C12EC41AACAB22001319B6 /* Resources */,
			);
			buildRules = (
			);
			dependencies = (
			);
			name = AVP2DArrayTests;
			productName = AVP2DArrayTests;
			productReference = C6C12EC61AACAB22001319B6 /* AVP2DArrayTests.xctest */;
			productType = "com.apple.product-type.bundle.unit-test";
		};
/* End PBXNativeTarget section */

/* Begin PBXProject section */
		C6C12EAD1AACA2B1001319B6 /* Project object */ = {
			isa = PBXProject;
			attributes = {
				LastUpgradeCheck = 0610;
				ORGANIZATIONNAME = TestOrg;
				TargetAttributes = {
					C6C12EB41AACA2B1001319B6 = {
						CreatedOnToolsVersion = 6.1;
					};
					C6C12EC51AACAB22001319B6 = {
						CreatedOnToolsVersion = 6.1;
					};
				};
			};
			buildConfigurationList = C6C12EB01AACA2B1001319B6 /* Build configuration list for PBXProject "AVP2DArray" */;
			compatibilityVersion = "Xcode 3.2";
			developmentRegion = English;
			hasScannedForEncodings = 0;
			knownRegions = (
				en,
			);
			mainGroup = C6C12EAC1AACA2B1001319B6;
			productRefGroup = C6C12EB61AACA2B1001319B6 /* Products */;
			projectDirPath = "";
			projectRoot = "";
			targets = (
				C6C12EB41AACA2B1001319B6 /* AVP2DArray */,
				C6C12EC51AACAB22001319B6 /* AVP2DArrayTests */,
			);
		};
/* End PBXProject section */

/* Begin PBXResourcesBuildPhase section */
		C6C12EC41AACAB22001319B6 /* Resources */ = {
			isa = PBXResourcesBuildPhase;
			buildActionMask = 2147483647;
			files = (
			);
			runOnlyForDeploymentPostprocessing = 0;
		};
/* End PBXResourcesBuildPhase section */

/* Begin PBXSourcesBuildPhase section */
		C6C12EB11AACA2B1001319B6 /* Sources */ = {
			isa = PBXSourcesBuildPhase;
			buildActionMask = 2147483647;
			files = (
				C6C12ED11AACEF40001319B6 /* README.md in Sources */,
				C6C12EB91AACA2B1001319B6 /* main.m in Sources */,
				C6C12EC11AACA2C0001319B6 /* AVP2DArray.m in Sources */,
			);
			runOnlyForDeploymentPostprocessing = 0;
		};
		C6C12EC21AACAB22001319B6 /* Sources */ = {
			isa = PBXSourcesBuildPhase;
			buildActionMask = 2147483647;
			files = (
				C6C12ECB1AACAB22001319B6 /* AVP2DArrayTests.m in Sources */,
				C6C12ECF1AACAC4A001319B6 /* AVP2DArray.m in Sources */,
			);
			runOnlyForDeploymentPostprocessing = 0;
		};
/* End PBXSourcesBuildPhase section */

/* Begin XCBuildConfiguration section */
		C6C12EBA1AACA2B1001319B6 /* Debug */ = {
			isa = XCBuildConfiguration;
			buildSettings = {
				ALWAYS_SEARCH_USER_PATHS = NO;
				CLANG_CXX_LANGUAGE_STANDARD = "gnu++0x";
				CLANG_CXX_LIBRARY = "libc++";
				CLANG_ENABLE_MODULES = YES;
				CLANG_ENABLE_OBJC_ARC = YES;
				CLANG_WARN_BOOL_CONVERSION = YES;
				CLANG_WARN_CONSTANT_CONVERSION = YES;
				CLANG_WARN_DIRECT_OBJC_ISA_USAGE = YES_ERROR;
				CLANG_WARN_EMPTY_BODY = YES;
				CLANG_WARN_ENUM_CONVERSION = YES;
				CLANG_WARN_INT_CONVERSION = YES;
				CLANG_WARN_OBJC_ROOT_CLASS = YES_ERROR;
				CLANG_WARN_UNREACHABLE_CODE = YES;
				CLANG_WARN__DUPLICATE_METHOD_MATCH = YES;
				COPY_PHASE_STRIP = NO;
				ENABLE_STRICT_OBJC_MSGSEND = YES;
				GCC_C_LANGUAGE_STANDARD = gnu99;
				GCC_DYNAMIC_NO_PIC = NO;
				GCC_OPTIMIZATION_LEVEL = 0;
				GCC_PREPROCESSOR_DEFINITIONS = (
					"DEBUG=1",
					"$(inherited)",
				);
				GCC_SYMBOLS_PRIVATE_EXTERN = NO;
				GCC_WARN_64_TO_32_BIT_CONVERSION = YES;
				GCC_WARN_ABOUT_RETURN_TYPE = YES_ERROR;
				GCC_WARN_UNDECLARED_SELECTOR = YES;
				GCC_WARN_UNINITIALIZED_AUTOS = YES_AGGRESSIVE;
				GCC_WARN_UNUSED_FUNCTION = YES;
				GCC_WARN_UNUSED_VARIABLE = YES;
				MACOSX_DEPLOYMENT_TARGET = 10.10;
				MTL_ENABLE_DEBUG_INFO = YES;
				ONLY_ACTIVE_ARCH = YES;
				SDKROOT = macosx;
			};
			name = Debug;
		};
		C6C12EBB1AACA2B1001319B6 /* Release */ = {
			isa = XCBuildConfiguration;
			buildSettings = {
				ALWAYS_SEARCH_USER_PATHS = NO;
				CLANG_CXX_LANGUAGE_STANDARD = "gnu++0x";
				CLANG_CXX_LIBRARY = "libc++";
				CLANG_ENABLE_MODULES = YES;
				CLANG_ENABLE_OBJC_ARC = YES;
				CLANG_WARN_BOOL_CONVERSION = YES;
				CLANG_WARN_CONSTANT_CONVERSION = YES;
				CLANG_WARN_DIRECT_OBJC_ISA_USAGE = YES_ERROR;
				CLANG_WARN_EMPTY_BODY = YES;
				CLANG_WARN_ENUM_CONVERSION = YES;
				CLANG_WARN_INT_CONVERSION = YES;
				CLANG_WARN_OBJC_ROOT_CLASS = YES_ERROR;
				CLANG_WARN_UNREACHABLE_CODE = YES;
				CLANG_WARN__DUPLICATE_METHOD_MATCH = YES;
				COPY_PHASE_STRIP = YES;
				DEBUG_INFORMATION_FORMAT = "dwarf-with-dsym";
				ENABLE_NS_ASSERTIONS = NO;
				ENABLE_STRICT_OBJC_MSGSEND = YES;
				GCC_C_LANGUAGE_STANDARD = gnu99;
				GCC_WARN_64_TO_32_BIT_CONVERSION = YES;
				GCC_WARN_ABOUT_RETURN_TYPE = YES_ERROR;
				GCC_WARN_UNDECLARED_SELECTOR = YES;
				GCC_WARN_UNINITIALIZED_AUTOS = YES_AGGRESSIVE;
				GCC_WARN_UNUSED_FUNCTION = YES;
				GCC_WARN_UNUSED_VARIABLE = YES;
				MACOSX_DEPLOYMENT_TARGET = 10.10;
				MTL_ENABLE_DEBUG_INFO = NO;
				SDKROOT = macosx;
			};
			name = Release;
		};
		C6C12EBD1AACA2B1001319B6 /* Debug */ = {
			isa = XCBuildConfiguration;
			buildSettings = {
				PRODUCT_NAME = "$(TARGET_NAME)";
			};
			name = Debug;
		};
		C6C12EBE1AACA2B1001319B6 /* Release */ = {
			isa = XCBuildConfiguration;
			buildSettings = {
				PRODUCT_NAME = "$(TARGET_NAME)";
			};
			name = Release;
		};
		C6C12ECD1AACAB22001319B6 /* Debug */ = {
			isa = XCBuildConfiguration;
			buildSettings = {
				COMBINE_HIDPI_IMAGES = YES;
				FRAMEWORK_SEARCH_PATHS = (
					"$(DEVELOPER_FRAMEWORKS_DIR)",
					"$(inherited)",
				);
				GCC_PREPROCESSOR_DEFINITIONS = (
					"DEBUG=1",
					"$(inherited)",
				);
				INFOPLIST_FILE = AVP2DArrayTests/Info.plist;
				LD_RUNPATH_SEARCH_PATHS = "$(inherited) @executable_path/../Frameworks @loader_path/../Frameworks";
				PRODUCT_NAME = "$(TARGET_NAME)";
			};
			name = Debug;
		};
		C6C12ECE1AACAB22001319B6 /* Release */ = {
			isa = XCBuildConfiguration;
			buildSettings = {
				COMBINE_HIDPI_IMAGES = YES;
				FRAMEWORK_SEARCH_PATHS = (
					"$(DEVELOPER_FRAMEWORKS_DIR)",
					"$(inherited)",
				);
				INFOPLIST_FILE = AVP2DArrayTests/Info.plist;
				LD_RUNPATH_SEARCH_PATHS = "$(inherited) @executable_path/../Frameworks @loader_path/../Frameworks";
				PRODUCT_NAME = "$(TARGET_NAME)";
			};
			name = Release;
		};
/* End XCBuildConfiguration section */

/* Begin XCConfigurationList section */
		C6C12EB01AACA2B1001319B6 /* Build configuration list for PBXProject "AVP2DArray" */ = {
			isa = XCConfigurationList;
			buildConfigurations = (
				C6C12EBA1AACA2B1001319B6 /* Debug */,
				C6C12EBB1AACA2B1001319B6 /* Release */,
			);
			defaultConfigurationIsVisible = 0;
			defaultConfigurationName = Release;
		};
		C6C12EBC1AACA2B1001319B6 /* Build configuration list for PBXNativeTarget "AVP2DArray" */ = {
			isa = XCConfigurationList;
			buildConfigurations = (
				C6C12EBD1AACA2B1001319B6 /* Debug */,
				C6C12EBE1AACA2B1001319B6 /* Release */,
			);
			defaultConfigurationIsVisible = 0;
			defaultConfigurationName = Release;
		};
		C6C12ECC1AACAB22001319B6 /* Build configuration list for PBXNativeTarget "AVP2DArrayTests" */ = {
			isa = XCConfigurationList;
			buildConfigurations = (
				C6C12ECD1AACAB22001319B6 /* Debug */,
				C6C12ECE1AACAB22001319B6 /* Release */,
			);
			defaultConfigurationIsVisible = 0;
			defaultConfigurationName = Release;
		};
/* End XCConfigurationList section */
	};
	rootObject = C6C12EAD1AACA2B1001319B6 /* Project object */;
}
